{
  "version": 4,
  "terraform_version": "1.8.0",
  "serial": 1,
  "lineage": "c57bcdcb-2e32-2b0d-0cc3-c5be1c4590b9",
  "outputs": {},
  "resources": [
    {
      "mode": "data",
      "type": "http",
      "name": "namechuck_norris_joke",
      "provider": "provider[\"registry.terraform.io/hashicorp/http\"]",
      "instances": [
        {
          "schema_version": 0,
          "attributes": {
            "body": "{\"categories\":[\"dev\"],\"created_at\":\"2020-01-05 13:42:19.324003\",\"icon_url\":\"https://assets.chucknorris.host/img/avatar/chuck-norris.png\",\"id\":\"iy5n_afwrrqrj9wb6n21ww\",\"updated_at\":\"2020-01-05 13:42:19.324003\",\"url\":\"https://api.chucknorris.io/jokes/iy5n_afwrrqrj9wb6n21ww\",\"value\":\"Chuck Norris doesn't need garbage collection because he doesn't call .Dispose(), he calls .DropKick().\"}",
            "ca_cert_pem": null,
            "id": "https://api.chucknorris.io/jokes/random",
            "insecure": null,
            "method": null,
            "request_body": null,
            "request_headers": null,
            "request_timeout_ms": null,
            "response_body": "{\"categories\":[\"dev\"],\"created_at\":\"2020-01-05 13:42:19.324003\",\"icon_url\":\"https://assets.chucknorris.host/img/avatar/chuck-norris.png\",\"id\":\"iy5n_afwrrqrj9wb6n21ww\",\"updated_at\":\"2020-01-05 13:42:19.324003\",\"url\":\"https://api.chucknorris.io/jokes/iy5n_afwrrqrj9wb6n21ww\",\"value\":\"Chuck Norris doesn't need garbage collection because he doesn't call .Dispose(), he calls .DropKick().\"}",
            "response_body_base64": "eyJjYXRlZ29yaWVzIjpbImRldiJdLCJjcmVhdGVkX2F0IjoiMjAyMC0wMS0wNSAxMzo0MjoxOS4zMjQwMDMiLCJpY29uX3VybCI6Imh0dHBzOi8vYXNzZXRzLmNodWNrbm9ycmlzLmhvc3QvaW1nL2F2YXRhci9jaHVjay1ub3JyaXMucG5nIiwiaWQiOiJpeTVuX2Fmd3JycXJqOXdiNm4yMXd3IiwidXBkYXRlZF9hdCI6IjIwMjAtMDEtMDUgMTM6NDI6MTkuMzI0MDAzIiwidXJsIjoiaHR0cHM6Ly9hcGkuY2h1Y2tub3JyaXMuaW8vam9rZXMvaXk1bl9hZndycnFyajl3YjZuMjF3dyIsInZhbHVlIjoiQ2h1Y2sgTm9ycmlzIGRvZXNuJ3QgbmVlZCBnYXJiYWdlIGNvbGxlY3Rpb24gYmVjYXVzZSBoZSBkb2Vzbid0IGNhbGwgLkRpc3Bvc2UoKSwgaGUgY2FsbHMgLkRyb3BLaWNrKCkuIn0=",
            "response_headers": {
              "Alt-Svc": "h3=\":443\"; ma=86400",
              "Cf-Cache-Status": "DYNAMIC",
              "Cf-Ray": "874cacd2bead694b-FRA",
              "Content-Type": "application/json;charset=UTF-8",
              "Date": "Mon, 15 Apr 2024 14:37:42 GMT",
              "Nel": "{\"report_to\":\"heroku-nel\",\"max_age\":3600,\"success_fraction\":0.005,\"failure_fraction\":0.05,\"response_headers\":[\"Via\"]}",
              "Report-To": "{\"group\":\"heroku-nel\",\"max_age\":3600,\"endpoints\":[{\"url\":\"https://nel.heroku.com/reports?ts=1713191862\u0026sid=812dcc77-0bd0-43b1-a5f1-b25750382959\u0026s=Ld61iaIqnw3ik74CAYc74JN1nkEa04raSESxhk88GYs%3D\"}]}",
              "Reporting-Endpoints": "heroku-nel=https://nel.heroku.com/reports?ts=1713191862\u0026sid=812dcc77-0bd0-43b1-a5f1-b25750382959\u0026s=Ld61iaIqnw3ik74CAYc74JN1nkEa04raSESxhk88GYs%3D",
              "Server": "cloudflare",
              "Via": "1.1 vegur"
            },
            "retry": null,
            "status_code": 200,
            "url": "https://api.chucknorris.io/jokes/random"
          },
          "sensitive_attributes": []
        }
      ]
    },
    {
      "mode": "managed",
      "type": "local_file",
      "name": "joke_file",
      "provider": "provider[\"registry.terraform.io/hashicorp/local\"]",
      "instances": [
        {
          "schema_version": 0,
          "attributes": {
            "content": "{\"categories\":[\"dev\"],\"created_at\":\"2020-01-05 13:42:19.324003\",\"icon_url\":\"https://assets.chucknorris.host/img/avatar/chuck-norris.png\",\"id\":\"iy5n_afwrrqrj9wb6n21ww\",\"updated_at\":\"2020-01-05 13:42:19.324003\",\"url\":\"https://api.chucknorris.io/jokes/iy5n_afwrrqrj9wb6n21ww\",\"value\":\"Chuck Norris doesn't need garbage collection because he doesn't call .Dispose(), he calls .DropKick().\"}",
            "content_base64": null,
            "content_base64sha256": "e3Rx2E14fRD7zCVhPYkSAE3LmcUbruFBssk/sBitNYk=",
            "content_base64sha512": "tFTUZGDVCodgW1nWuG0vKZh9Or62nsOanYpj1pAnDlPEL5zn+Zr3PZul86zvZyoEmAY/ar30BlYabCgW3fRIeA==",
            "content_md5": "4c1ebcec880469a4f21d17c7d85581e9",
            "content_sha1": "a370d22b31b19ed2a7bb3c738d73de6c6625b9ae",
            "content_sha256": "7b7471d84d787d10fbcc25613d8912004dcb99c51baee141b2c93fb018ad3589",
            "content_sha512": "b454d46460d50a87605b59d6b86d2f29987d3abeb69ec39a9d8a63d690270e53c42f9ce7f99af73d9ba5f3acef672a0498063f6abdf406561a6c2816ddf44878",
            "directory_permission": "0777",
            "file_permission": "0777",
            "filename": "joke.txt",
            "id": "a370d22b31b19ed2a7bb3c738d73de6c6625b9ae",
            "sensitive_content": null,
            "source": null
          },
          "sensitive_attributes": [
            [
              {
                "type": "get_attr",
                "value": "sensitive_content"
              }
            ]
          ],
          "dependencies": [
            "data.http.namechuck_norris_joke"
          ]
        }
      ]
    }
  ],
  "check_results": null
}
