{
  "version": 4,
  "terraform_version": "1.8.0",
  "serial": 1,
  "lineage": "f2b39d1a-432a-d522-ec48-29cea51398b8",
  "outputs": {},
  "resources": [
    {
      "mode": "managed",
      "type": "random_integer",
      "name": "subnet_count",
      "provider": "provider[\"registry.terraform.io/hashicorp/random\"]",
      "instances": [
        {
          "schema_version": 0,
          "attributes": {
            "id": "2",
            "keepers": null,
            "max": 5,
            "min": 1,
            "result": 2,
            "seed": null
          },
          "sensitive_attributes": []
        }
      ]
    }
  ],
  "check_results": null
}
